
Microsoft Visual Studio Solution File, Format Version 12.00
# Visual Studio Version 17
VisualStudioVersion = 17.4.33110.190
MinimumVisualStudioVersion = 10.0.40219.1
Project("{FAE04EC0-301F-11D3-BF4B-00C04F79EFBC}") = "FirstAuthentication", "FirstAuthentication\FirstAuthentication.csproj", "{142BCEF8-0EAA-4606-BA59-2C98DA4756D7}"
EndProject
Global
	GlobalSection(SolutionConfigurationPlatforms) = preSolution
		Debug|Any CPU = Debug|Any CPU
		Release|Any CPU = Release|Any CPU
	EndGlobalSection
	GlobalSection(ProjectConfigurationPlatforms) = postSolution
		{142BCEF8-0EAA-4606-BA59-2C98DA4756D7}.Debug|Any CPU.ActiveCfg = Debug|Any CPU
		{142BCEF8-0EAA-4606-BA59-2C98DA4756D7}.Debug|Any CPU.Build.0 = Debug|Any CPU
		{142BCEF8-0EAA-4606-BA59-2C98DA4756D7}.Release|Any CPU.ActiveCfg = Release|Any CPU
		{142BCEF8-0EAA-4606-BA59-2C98DA4756D7}.Release|Any CPU.Build.0 = Release|Any CPU
	EndGlobalSection
	GlobalSection(SolutionProperties) = preSolution
		HideSolutionNode = FALSE
	EndGlobalSection
	GlobalSection(ExtensibilityGlobals) = postSolution
		SolutionGuid = {BAFD210F-86A2-4FEE-851E-E9CEE8B84758}
	EndGlobalSection
EndGlobal
